
Microsoft Visual Studio Solution File, Format Version 12.00
# Visual Studio Version 16
VisualStudioVersion = 16.0.31624.102
MinimumVisualStudioVersion = 10.0.40219.1
Project("{FAE04EC0-301F-11D3-BF4B-00C04F79EFBC}") = "Lab6", "Lab6.csproj", "{C73B75C5-8FB8-4639-AD8C-1A6B62FE4035}"
EndProject
Global
	GlobalSection(SolutionConfigurationPlatforms) = preSolution
		Debug|Any CPU = Debug|Any CPU
		Release|Any CPU = Release|Any CPU
	EndGlobalSection
	GlobalSection(ProjectConfigurationPlatforms) = postSolution
		{C73B75C5-8FB8-4639-AD8C-1A6B62FE4035}.Debug|Any CPU.ActiveCfg = Debug|Any CPU
		{C73B75C5-8FB8-4639-AD8C-1A6B62FE4035}.Debug|Any CPU.Build.0 = Debug|Any CPU
		{C73B75C5-8FB8-4639-AD8C-1A6B62FE4035}.Release|Any CPU.ActiveCfg = Release|Any CPU
		{C73B75C5-8FB8-4639-AD8C-1A6B62FE4035}.Release|Any CPU.Build.0 = Release|Any CPU
	EndGlobalSection
	GlobalSection(SolutionProperties) = preSolution
		HideSolutionNode = FALSE
	EndGlobalSection
	GlobalSection(ExtensibilityGlobals) = postSolution
		SolutionGuid = {850529DF-D79B-4A5C-9DAE-C72257640928}
	EndGlobalSection
EndGlobal
